
Microsoft Visual Studio Solution File, Format Version 12.00
# Visual Studio Version 16
VisualStudioVersion = 16.0.31515.178
MinimumVisualStudioVersion = 10.0.40219.1
Project("{FAE04EC0-301F-11D3-BF4B-00C04F79EFBC}") = "ArrayLibrary", "ArrayLibrary\ArrayLibrary.csproj", "{DC88B92F-99CE-4188-8AAA-24264A644A9F}"
EndProject
Global
	GlobalSection(SolutionConfigurationPlatforms) = preSolution
		Debug|Any CPU = Debug|Any CPU
		Release|Any CPU = Release|Any CPU
	EndGlobalSection
	GlobalSection(ProjectConfigurationPlatforms) = postSolution
		{DC88B92F-99CE-4188-8AAA-24264A644A9F}.Debug|Any CPU.ActiveCfg = Debug|Any CPU
		{DC88B92F-99CE-4188-8AAA-24264A644A9F}.Debug|Any CPU.Build.0 = Debug|Any CPU
		{DC88B92F-99CE-4188-8AAA-24264A644A9F}.Release|Any CPU.ActiveCfg = Release|Any CPU
		{DC88B92F-99CE-4188-8AAA-24264A644A9F}.Release|Any CPU.Build.0 = Release|Any CPU
	EndGlobalSection
	GlobalSection(SolutionProperties) = preSolution
		HideSolutionNode = FALSE
	EndGlobalSection
	GlobalSection(ExtensibilityGlobals) = postSolution
		SolutionGuid = {653D0B62-C81E-4F52-B595-59B9E5A098EE}
	EndGlobalSection
EndGlobal
